
Microsoft Visual Studio Solution File, Format Version 12.00
# Visual Studio Version 16
VisualStudioVersion = 16.0.31911.196
MinimumVisualStudioVersion = 10.0.40219.1
Project("{FAE04EC0-301F-11D3-BF4B-00C04F79EFBC}") = "kelulusan", "kelulusan.csproj", "{5F3316F2-526C-4677-BE41-803563F7251B}"
EndProject
Global
	GlobalSection(SolutionConfigurationPlatforms) = preSolution
		Debug|Any CPU = Debug|Any CPU
		Release|Any CPU = Release|Any CPU
	EndGlobalSection
	GlobalSection(ProjectConfigurationPlatforms) = postSolution
		{5F3316F2-526C-4677-BE41-803563F7251B}.Debug|Any CPU.ActiveCfg = Debug|Any CPU
		{5F3316F2-526C-4677-BE41-803563F7251B}.Debug|Any CPU.Build.0 = Debug|Any CPU
		{5F3316F2-526C-4677-BE41-803563F7251B}.Release|Any CPU.ActiveCfg = Release|Any CPU
		{5F3316F2-526C-4677-BE41-803563F7251B}.Release|Any CPU.Build.0 = Release|Any CPU
	EndGlobalSection
	GlobalSection(SolutionProperties) = preSolution
		HideSolutionNode = FALSE
	EndGlobalSection
	GlobalSection(ExtensibilityGlobals) = postSolution
		SolutionGuid = {4CEE4ABA-F88A-4B66-9D60-C0B3B1147926}
	EndGlobalSection
EndGlobal
